{
	"name": "p5play-template",
	"version": "1.2.7",
	"lockfileVersion": 3,
	"requires": true,
	"packages": {
		"": {
			"name": "p5play-template",
			"version": "1.2.7",
			"license": "CC0",
			"dependencies": {
				"p5play": "^3.26.9",
				"q5": "^2.21.5"
			}
		},
		"node_modules/p5play": {
			"version": "3.26.9",
			"resolved": "https://registry.npmjs.org/p5play/-/p5play-3.26.9.tgz",
			"integrity": "sha512-yHqXlsvxa2m02zXCi4GMUJrTjolyURkgoQiAeXHtKi/KqAn0rpF37XC964UbndhXmUXOO2MP5u/kfni+3ziu0g==",
			"funding": [
				{
					"type": "patreon",
					"url": "https://www.patreon.com/p5play"
				},
				{
					"type": "github",
					"url": "https://github.com/sponsors/quinton-ashley"
				}
			],
			"license": "p5play Personal License"
		},
		"node_modules/q5": {
			"version": "2.21.5",
			"resolved": "https://registry.npmjs.org/q5/-/q5-2.21.5.tgz",
			"integrity": "sha512-1W2N0KYoL7wOFvl5o3EtvknYhGhKykj4KhoDfkwIKtGelhsUvFmoxhT5r4oyVg+95r5eOHyLiPd61kAanY03Jw==",
			"license": "LGPL-3.0"
		}
	}
}
